{
  "object": {
    "pins": [
      {
        "package": "CocoaLumberjack",
        "repositoryURL": "https://github.com/CocoaLumberjack/CocoaLumberjack.git",
        "state": {
          "branch": null,
          "revision": "c5f2ed4d219866117e135cf648180dc7b66739d3",
          "version": "3.9.1"
        }
      },
      {
        "package": "swift-log",
        "repositoryURL": "https://github.com/apple/swift-log",
        "state": {
          "branch": null,
          "revision": "a878e7f8f46cfc0e1125e565b5c08e7d5272dc9a",
          "version": "1.14.0"
        }
      }
    ]
  },
  "version": 1
}
